
Microsoft Visual Studio Solution File, Format Version 12.00
# Visual Studio Version 17
VisualStudioVersion = 17.4.33110.190
MinimumVisualStudioVersion = 10.0.40219.1
Project("{8BC9CEB8-8B4A-11D0-8D11-00A0C91BC942}") = "23.12", "23.12.vcxproj", "{6DF3ED2E-796A-499F-B3D6-7CF7897F84FD}"
EndProject
Global
	GlobalSection(SolutionConfigurationPlatforms) = preSolution
		Debug|x64 = Debug|x64
		Debug|x86 = Debug|x86
		Release|x64 = Release|x64
		Release|x86 = Release|x86
	EndGlobalSection
	GlobalSection(ProjectConfigurationPlatforms) = postSolution
		{6DF3ED2E-796A-499F-B3D6-7CF7897F84FD}.Debug|x64.ActiveCfg = Debug|x64
		{6DF3ED2E-796A-499F-B3D6-7CF7897F84FD}.Debug|x64.Build.0 = Debug|x64
		{6DF3ED2E-796A-499F-B3D6-7CF7897F84FD}.Debug|x86.ActiveCfg = Debug|Win32
		{6DF3ED2E-796A-499F-B3D6-7CF7897F84FD}.Debug|x86.Build.0 = Debug|Win32
		{6DF3ED2E-796A-499F-B3D6-7CF7897F84FD}.Release|x64.ActiveCfg = Release|x64
		{6DF3ED2E-796A-499F-B3D6-7CF7897F84FD}.Release|x64.Build.0 = Release|x64
		{6DF3ED2E-796A-499F-B3D6-7CF7897F84FD}.Release|x86.ActiveCfg = Release|Win32
		{6DF3ED2E-796A-499F-B3D6-7CF7897F84FD}.Release|x86.Build.0 = Release|Win32
	EndGlobalSection
	GlobalSection(SolutionProperties) = preSolution
		HideSolutionNode = FALSE
	EndGlobalSection
	GlobalSection(ExtensibilityGlobals) = postSolution
		SolutionGuid = {7AAE12B4-4AAE-4A8D-B5B1-15BD1C8793AA}
	EndGlobalSection
EndGlobal
